// !$*UTF8*$!
{
	archiveVersion = 1;
	classes = {
	};
	objectVersion = 50;
	objects = {

/* Begin PBXBuildFile section */
		DFD390B7264A6B5C00B74B8E /* AppDelegate.swift in Sources */ = {isa = PBXBuildFile; fileRef = DFD390B6264A6B5C00B74B8E /* AppDelegate.swift */; };
		DFD390B9264A6B5C00B74B8E /* SceneDelegate.swift in Sources */ = {isa = PBXBuildFile; fileRef = DFD390B8264A6B5C00B74B8E /* SceneDelegate.swift */; };
		DFD390BB264A6B5C00B74B8E /* ViewController.swift in Sources */ = {isa = PBXBuildFile; fileRef = DFD390BA264A6B5C00B74B8E /* ViewController.swift */; };
		DFD390BE264A6B5C00B74B8E /* Main.storyboard in Resources */ = {isa = PBXBuildFile; fileRef = DFD390BC264A6B5C00B74B8E /* Main.storyboard */; };
		DFD390C0264A6B5E00B74B8E /* Assets.xcassets in Resources */ = {isa = PBXBuildFile; fileRef = DFD390BF264A6B5E00B74B8E /* Assets.xcassets */; };
		DFD390C3264A6B5E00B74B8E /* LaunchScreen.storyboard in Resources */ = {isa = PBXBuildFile; fileRef = DFD390C1264A6B5E00B74B8E /* LaunchScreen.storyboard */; };
		DFD390CB264A957900B74B8E /* oversound.mp3 in Resources */ = {isa = PBXBuildFile; fileRef = DFD390CA264A957800B74B8E /* oversound.mp3 */; };
		DFD390CD264A96FC00B74B8E /* icon.png in Resources */ = {isa = PBXBuildFile; fileRef = DFD390CC264A96FC00B74B8E /* icon.png */; };
/* End PBXBuildFile section */

/* Begin PBXFileReference section */
		DFD390B3264A6B5C00B74B8E /* Maze.app */ = {isa = PBXFileReference; explicitFileType = wrapper.application; includeInIndex = 0; path = Maze.app; sourceTree = BUILT_PRODUCTS_DIR; };
		DFD390B6264A6B5C00B74B8E /* AppDelegate.swift */ = {isa = PBXFileReference; lastKnownFileType = sourcecode.swift; path = AppDelegate.swift; sourceTree = "<group>"; };
		DFD390B8264A6B5C00B74B8E /* SceneDelegate.swift */ = {isa = PBXFileReference; lastKnownFileType = sourcecode.swift; path = SceneDelegate.swift; sourceTree = "<group>"; };
		DFD390BA264A6B5C00B74B8E /* ViewController.swift */ = {isa = PBXFileReference; lastKnownFileType = sourcecode.swift; path = ViewController.swift; sourceTree = "<group>"; };
		DFD390BD264A6B5C00B74B8E /* Base */ = {isa = PBXFileReference; lastKnownFileType = file.storyboard; name = Base; path = Base.lproj/Main.storyboard; sourceTree = "<group>"; };
		DFD390BF264A6B5E00B74B8E /* Assets.xcassets */ = {isa = PBXFileReference; lastKnownFileType = folder.assetcatalog; path = Assets.xcassets; sourceTree = "<group>"; };
		DFD390C2264A6B5E00B74B8E /* Base */ = {isa = PBXFileReference; lastKnownFileType = file.storyboard; name = Base; path = Base.lproj/LaunchScreen.storyboard; sourceTree = "<group>"; };
		DFD390C4264A6B5E00B74B8E /* Info.plist */ = {isa = PBXFileReference; lastKnownFileType = text.plist.xml; path = Info.plist; sourceTree = "<group>"; };
		DFD390CA264A957800B74B8E /* oversound.mp3 */ = {isa = PBXFileReference; lastKnownFileType = audio.mp3; path = oversound.mp3; sourceTree = "<group>"; };
		DFD390CC264A96FC00B74B8E /* icon.png */ = {isa = PBXFileReference; lastKnownFileType = image.png; path = icon.png; sourceTree = "<group>"; };
/* End PBXFileReference section */

/* Begin PBXFrameworksBuildPhase section */
		DFD390B0264A6B5C00B74B8E /* Frameworks */ = {
			isa = PBXFrameworksBuildPhase;
			buildActionMask = 2147483647;
			files = (
			);
			runOnlyForDeploymentPostprocessing = 0;
		};
/* End PBXFrameworksBuildPhase section */

/* Begin PBXGroup section */
		DFD390AA264A6B5C00B74B8E = {
			isa = PBXGroup;
			children = (
				DFD390B5264A6B5C00B74B8E /* Maze */,
				DFD390B4264A6B5C00B74B8E /* Products */,
			);
			sourceTree = "<group>";
		};
		DFD390B4264A6B5C00B74B8E /* Products */ = {
			isa = PBXGroup;
			children = (
				DFD390B3264A6B5C00B74B8E /* Maze.app */,
			);
			name = Products;
			sourceTree = "<group>";
		};
		DFD390B5264A6B5C00B74B8E /* Maze */ = {
			isa = PBXGroup;
			children = (
				DFD390B6264A6B5C00B74B8E /* AppDelegate.swift */,
				DFD390B8264A6B5C00B74B8E /* SceneDelegate.swift */,
				DFD390BA264A6B5C00B74B8E /* ViewController.swift */,
				DFD390CA264A957800B74B8E /* oversound.mp3 */,
				DFD390BC264A6B5C00B74B8E /* Main.storyboard */,
				DFD390CC264A96FC00B74B8E /* icon.png */,
				DFD390BF264A6B5E00B74B8E /* Assets.xcassets */,
				DFD390C1264A6B5E00B74B8E /* LaunchScreen.storyboard */,
				DFD390C4264A6B5E00B74B8E /* Info.plist */,
			);
			path = Maze;
			sourceTree = "<group>";
		};
/* End PBXGroup section */

/* Begin PBXNativeTarget section */
		DFD390B2264A6B5C00B74B8E /* Maze */ = {
			isa = PBXNativeTarget;
			buildConfigurationList = DFD390C7264A6B5E00B74B8E /* Build configuration list for PBXNativeTarget "Maze" */;
			buildPhases = (
				DFD390AF264A6B5C00B74B8E /* Sources */,
				DFD390B0264A6B5C00B74B8E /* Frameworks */,
				DFD390B1264A6B5C00B74B8E /* Resources */,
			);
			buildRules = (
			);
			dependencies = (
			);
			name = Maze;
			productName = Maze;
			productReference = DFD390B3264A6B5C00B74B8E /* Maze.app */;
			productType = "com.apple.product-type.application";
		};
/* End PBXNativeTarget section */

/* Begin PBXProject section */
		DFD390AB264A6B5C00B74B8E /* Project object */ = {
			isa = PBXProject;
			attributes = {
				LastSwiftUpdateCheck = 1250;
				LastUpgradeCheck = 1250;
				TargetAttributes = {
					DFD390B2264A6B5C00B74B8E = {
						CreatedOnToolsVersion = 12.5;
					};
				};
			};
			buildConfigurationList = DFD390AE264A6B5C00B74B8E /* Build configuration list for PBXProject "Maze" */;
			compatibilityVersion = "Xcode 9.3";
			developmentRegion = en;
			hasScannedForEncodings = 0;
			knownRegions = (
				en,
				Base,
			);
			mainGroup = DFD390AA264A6B5C00B74B8E;
			productRefGroup = DFD390B4264A6B5C00B74B8E /* Products */;
			projectDirPath = "";
			projectRoot = "";
			targets = (
				DFD390B2264A6B5C00B74B8E /* Maze */,
			);
		};
/* End PBXProject section */

/* Begin PBXResourcesBuildPhase section */
		DFD390B1264A6B5C00B74B8E /* Resources */ = {
			isa = PBXResourcesBuildPhase;
			buildActionMask = 2147483647;
			files = (
				DFD390CB264A957900B74B8E /* oversound.mp3 in Resources */,
				DFD390CD264A96FC00B74B8E /* icon.png in Resources */,
				DFD390C3264A6B5E00B74B8E /* LaunchScreen.storyboard in Resources */,
				DFD390C0264A6B5E00B74B8E /* Assets.xcassets in Resources */,
				DFD390BE264A6B5C00B74B8E /* Main.storyboard in Resources */,
			);
			runOnlyForDeploymentPostprocessing = 0;
		};
/* End PBXResourcesBuildPhase section */

/* Begin PBXSourcesBuildPhase section */
		DFD390AF264A6B5C00B74B8E /* Sources */ = {
			isa = PBXSourcesBuildPhase;
			buildActionMask = 2147483647;
			files = (
				DFD390BB264A6B5C00B74B8E /* ViewController.swift in Sources */,
				DFD390B7264A6B5C00B74B8E /* AppDelegate.swift in Sources */,
				DFD390B9264A6B5C00B74B8E /* SceneDelegate.swift in Sources */,
			);
			runOnlyForDeploymentPostprocessing = 0;
		};
/* End PBXSourcesBuildPhase section */

/* Begin PBXVariantGroup section */
		DFD390BC264A6B5C00B74B8E /* Main.storyboard */ = {
			isa = PBXVariantGroup;
			children = (
				DFD390BD264A6B5C00B74B8E /* Base */,
			);
			name = Main.storyboard;
			sourceTree = "<group>";
		};
		DFD390C1264A6B5E00B74B8E /* LaunchScreen.storyboard */ = {
			isa = PBXVariantGroup;
			children = (
				DFD390C2264A6B5E00B74B8E /* Base */,
			);
			name = LaunchScreen.storyboard;
			sourceTree = "<group>";
		};
/* End PBXVariantGroup section */

/* Begin XCBuildConfiguration section */
		DFD390C5264A6B5E00B74B8E /* Debug */ = {
			isa = XCBuildConfiguration;
			buildSettings = {
				ALWAYS_SEARCH_USER_PATHS = NO;
				CLANG_ANALYZER_NONNULL = YES;
				CLANG_ANALYZER_NUMBER_OBJECT_CONVERSION = YES_AGGRESSIVE;
				CLANG_CXX_LANGUAGE_STANDARD = "gnu++14";
				CLANG_CXX_LIBRARY = "libc++";
				CLANG_ENABLE_MODULES = YES;
				CLANG_ENABLE_OBJC_ARC = YES;
				CLANG_ENABLE_OBJC_WEAK = YES;
				CLANG_WARN_BLOCK_CAPTURE_AUTORELEASING = YES;
				CLANG_WARN_BOOL_CONVERSION = YES;
				CLANG_WARN_COMMA = YES;
				CLANG_WARN_CONSTANT_CONVERSION = YES;
				CLANG_WARN_DEPRECATED_OBJC_IMPLEMENTATIONS = YES;
				CLANG_WARN_DIRECT_OBJC_ISA_USAGE = YES_ERROR;
				CLANG_WARN_DOCUMENTATION_COMMENTS = YES;
				CLANG_WARN_EMPTY_BODY = YES;
				CLANG_WARN_ENUM_CONVERSION = YES;
				CLANG_WARN_INFINITE_RECURSION = YES;
				CLANG_WARN_INT_CONVERSION = YES;
				CLANG_WARN_NON_LITERAL_NULL_CONVERSION = YES;
				CLANG_WARN_OBJC_IMPLICIT_RETAIN_SELF = YES;
				CLANG_WARN_OBJC_LITERAL_CONVERSION = YES;
				CLANG_WARN_OBJC_ROOT_CLASS = YES_ERROR;
				CLANG_WARN_QUOTED_INCLUDE_IN_FRAMEWORK_HEADER = YES;
				CLANG_WARN_RANGE_LOOP_ANALYSIS = YES;
				CLANG_WARN_STRICT_PROTOTYPES = YES;
				CLANG_WARN_SUSPICIOUS_MOVE = YES;
				CLANG_WARN_UNGUARDED_AVAILABILITY = YES_AGGRESSIVE;
				CLANG_WARN_UNREACHABLE_CODE = YES;
				CLANG_WARN__DUPLICATE_METHOD_MATCH = YES;
				COPY_PHASE_STRIP = NO;
				DEBUG_INFORMATION_FORMAT = dwarf;
				ENABLE_STRICT_OBJC_MSGSEND = YES;
				ENABLE_TESTABILITY = YES;
				GCC_C_LANGUAGE_STANDARD = gnu11;
				GCC_DYNAMIC_NO_PIC = NO;
				GCC_NO_COMMON_BLOCKS = YES;
				GCC_OPTIMIZATION_LEVEL = 0;
				GCC_PREPROCESSOR_DEFINITIONS = (
					"DEBUG=1",
					"$(inherited)",
				);
				GCC_WARN_64_TO_32_BIT_CONVERSION = YES;
				GCC_WARN_ABOUT_RETURN_TYPE = YES_ERROR;
				GCC_WARN_UNDECLARED_SELECTOR = YES;
				GCC_WARN_UNINITIALIZED_AUTOS = YES_AGGRESSIVE;
				GCC_WARN_UNUSED_FUNCTION = YES;
				GCC_WARN_UNUSED_VARIABLE = YES;
				IPHONEOS_DEPLOYMENT_TARGET = 14.5;
				MTL_ENABLE_DEBUG_INFO = INCLUDE_SOURCE;
				MTL_FAST_MATH = YES;
				ONLY_ACTIVE_ARCH = YES;
				SDKROOT = iphoneos;
				SWIFT_ACTIVE_COMPILATION_CONDITIONS = DEBUG;
				SWIFT_OPTIMIZATION_LEVEL = "-Onone";
			};
			name = Debug;
		};
		DFD390C6264A6B5E00B74B8E /* Release */ = {
			isa = XCBuildConfiguration;
			buildSettings = {
				ALWAYS_SEARCH_USER_PATHS = NO;
				CLANG_ANALYZER_NONNULL = YES;
				CLANG_ANALYZER_NUMBER_OBJECT_CONVERSION = YES_AGGRESSIVE;
				CLANG_CXX_LANGUAGE_STANDARD = "gnu++14";
				CLANG_CXX_LIBRARY = "libc++";
				CLANG_ENABLE_MODULES = YES;
				CLANG_ENABLE_OBJC_ARC = YES;
				CLANG_ENABLE_OBJC_WEAK = YES;
				CLANG_WARN_BLOCK_CAPTURE_AUTORELEASING = YES;
				CLANG_WARN_BOOL_CONVERSION = YES;
				CLANG_WARN_COMMA = YES;
				CLANG_WARN_CONSTANT_CONVERSION = YES;
				CLANG_WARN_DEPRECATED_OBJC_IMPLEMENTATIONS = YES;
				CLANG_WARN_DIRECT_OBJC_ISA_USAGE = YES_ERROR;
				CLANG_WARN_DOCUMENTATION_COMMENTS = YES;
				CLANG_WARN_EMPTY_BODY = YES;
				CLANG_WARN_ENUM_CONVERSION = YES;
				CLANG_WARN_INFINITE_RECURSION = YES;
				CLANG_WARN_INT_CONVERSION = YES;
				CLANG_WARN_NON_LITERAL_NULL_CONVERSION = YES;
				CLANG_WARN_OBJC_IMPLICIT_RETAIN_SELF = YES;
				CLANG_WARN_OBJC_LITERAL_CONVERSION = YES;
				CLANG_WARN_OBJC_ROOT_CLASS = YES_ERROR;
				CLANG_WARN_QUOTED_INCLUDE_IN_FRAMEWORK_HEADER = YES;
				CLANG_WARN_RANGE_LOOP_ANALYSIS = YES;
				CLANG_WARN_STRICT_PROTOTYPES = YES;
				CLANG_WARN_SUSPICIOUS_MOVE = YES;
				CLANG_WARN_UNGUARDED_AVAILABILITY = YES_AGGRESSIVE;
				CLANG_WARN_UNREACHABLE_CODE = YES;
				CLANG_WARN__DUPLICATE_METHOD_MATCH = YES;
				COPY_PHASE_STRIP = NO;
				DEBUG_INFORMATION_FORMAT = "dwarf-with-dsym";
				ENABLE_NS_ASSERTIONS = NO;
				ENABLE_STRICT_OBJC_MSGSEND = YES;
				GCC_C_LANGUAGE_STANDARD = gnu11;
				GCC_NO_COMMON_BLOCKS = YES;
				GCC_WARN_64_TO_32_BIT_CONVERSION = YES;
				GCC_WARN_ABOUT_RETURN_TYPE = YES_ERROR;
				GCC_WARN_UNDECLARED_SELECTOR = YES;
				GCC_WARN_UNINITIALIZED_AUTOS = YES_AGGRESSIVE;
				GCC_WARN_UNUSED_FUNCTION = YES;
				GCC_WARN_UNUSED_VARIABLE = YES;
				IPHONEOS_DEPLOYMENT_TARGET = 14.5;
				MTL_ENABLE_DEBUG_INFO = NO;
				MTL_FAST_MATH = YES;
				SDKROOT = iphoneos;
				SWIFT_COMPILATION_MODE = wholemodule;
				SWIFT_OPTIMIZATION_LEVEL = "-O";
				VALIDATE_PRODUCT = YES;
			};
			name = Release;
		};
		DFD390C8264A6B5E00B74B8E /* Debug */ = {
			isa = XCBuildConfiguration;
			buildSettings = {
				ASSETCATALOG_COMPILER_APPICON_NAME = AppIcon;
				ASSETCATALOG_COMPILER_GLOBAL_ACCENT_COLOR_NAME = AccentColor;
				CODE_SIGN_STYLE = Automatic;
				DEVELOPMENT_TEAM = 28BL7VZRG3;
				INFOPLIST_FILE = Maze/Info.plist;
				LD_RUNPATH_SEARCH_PATHS = (
					"$(inherited)",
					"@executable_path/Frameworks",
				);
				PRODUCT_BUNDLE_IDENTIFIER = app.imai.zen.Maze;
				PRODUCT_NAME = "$(TARGET_NAME)";
				SWIFT_VERSION = 5.0;
				TARGETED_DEVICE_FAMILY = "1,2";
			};
			name = Debug;
		};
		DFD390C9264A6B5E00B74B8E /* Release */ = {
			isa = XCBuildConfiguration;
			buildSettings = {
				ASSETCATALOG_COMPILER_APPICON_NAME = AppIcon;
				ASSETCATALOG_COMPILER_GLOBAL_ACCENT_COLOR_NAME = AccentColor;
				CODE_SIGN_STYLE = Automatic;
				DEVELOPMENT_TEAM = 28BL7VZRG3;
				INFOPLIST_FILE = Maze/Info.plist;
				LD_RUNPATH_SEARCH_PATHS = (
					"$(inherited)",
					"@executable_path/Frameworks",
				);
				PRODUCT_BUNDLE_IDENTIFIER = app.imai.zen.Maze;
				PRODUCT_NAME = "$(TARGET_NAME)";
				SWIFT_VERSION = 5.0;
				TARGETED_DEVICE_FAMILY = "1,2";
			};
			name = Release;
		};
/* End XCBuildConfiguration section */

/* Begin XCConfigurationList section */
		DFD390AE264A6B5C00B74B8E /* Build configuration list for PBXProject "Maze" */ = {
			isa = XCConfigurationList;
			buildConfigurations = (
				DFD390C5264A6B5E00B74B8E /* Debug */,
				DFD390C6264A6B5E00B74B8E /* Release */,
			);
			defaultConfigurationIsVisible = 0;
			defaultConfigurationName = Release;
		};
		DFD390C7264A6B5E00B74B8E /* Build configuration list for PBXNativeTarget "Maze" */ = {
			isa = XCConfigurationList;
			buildConfigurations = (
				DFD390C8264A6B5E00B74B8E /* Debug */,
				DFD390C9264A6B5E00B74B8E /* Release */,
			);
			defaultConfigurationIsVisible = 0;
			defaultConfigurationName = Release;
		};
/* End XCConfigurationList section */
	};
	rootObject = DFD390AB264A6B5C00B74B8E /* Project object */;
}
